
Microsoft Visual Studio Solution File, Format Version 12.00
# Visual Studio 14
VisualStudioVersion = 14.0.23107.0
MinimumVisualStudioVersion = 10.0.40219.1
Project("{FAE04EC0-301F-11D3-BF4B-00C04F79EFBC}") = "Factoring.Modelo", "Factoring.Modelo\Factoring.Modelo.csproj", "{6EBDBF86-06F1-4E6F-885A-DE8771280A69}"
EndProject
Project("{FAE04EC0-301F-11D3-BF4B-00C04F79EFBC}") = "Factoring.Web", "Factoring.Web\Factoring.Web.csproj", "{0838CBEC-A361-49C8-B554-DAE5DD8DC7FF}"
EndProject
Project("{FAE04EC0-301F-11D3-BF4B-00C04F79EFBC}") = "Factoring.Repositorio", "Factoring.Repositorio\Factoring.Repositorio.csproj", "{7498A04C-D480-4EED-9148-2329534B863B}"
EndProject
Global
	GlobalSection(SolutionConfigurationPlatforms) = preSolution
		Debug|Any CPU = Debug|Any CPU
		Release|Any CPU = Release|Any CPU
	EndGlobalSection
	GlobalSection(ProjectConfigurationPlatforms) = postSolution
		{6EBDBF86-06F1-4E6F-885A-DE8771280A69}.Debug|Any CPU.ActiveCfg = Debug|Any CPU
		{6EBDBF86-06F1-4E6F-885A-DE8771280A69}.Debug|Any CPU.Build.0 = Debug|Any CPU
		{6EBDBF86-06F1-4E6F-885A-DE8771280A69}.Release|Any CPU.ActiveCfg = Release|Any CPU
		{6EBDBF86-06F1-4E6F-885A-DE8771280A69}.Release|Any CPU.Build.0 = Release|Any CPU
		{0838CBEC-A361-49C8-B554-DAE5DD8DC7FF}.Debug|Any CPU.ActiveCfg = Debug|Any CPU
		{0838CBEC-A361-49C8-B554-DAE5DD8DC7FF}.Debug|Any CPU.Build.0 = Debug|Any CPU
		{0838CBEC-A361-49C8-B554-DAE5DD8DC7FF}.Release|Any CPU.ActiveCfg = Release|Any CPU
		{0838CBEC-A361-49C8-B554-DAE5DD8DC7FF}.Release|Any CPU.Build.0 = Release|Any CPU
		{7498A04C-D480-4EED-9148-2329534B863B}.Debug|Any CPU.ActiveCfg = Debug|Any CPU
		{7498A04C-D480-4EED-9148-2329534B863B}.Debug|Any CPU.Build.0 = Debug|Any CPU
		{7498A04C-D480-4EED-9148-2329534B863B}.Release|Any CPU.ActiveCfg = Release|Any CPU
		{7498A04C-D480-4EED-9148-2329534B863B}.Release|Any CPU.Build.0 = Release|Any CPU
	EndGlobalSection
	GlobalSection(SolutionProperties) = preSolution
		HideSolutionNode = FALSE
	EndGlobalSection
EndGlobal
